
Microsoft Visual Studio Solution File, Format Version 12.00
# Visual Studio 15
VisualStudioVersion = 15.0.28307.852
MinimumVisualStudioVersion = 10.0.40219.1
Project("{FAE04EC0-301F-11D3-BF4B-00C04F79EFBC}") = "tetris_console", "tetris_console\tetris_console.csproj", "{1497738F-EBEC-44D2-9441-8BC66E65D094}"
EndProject
Global
	GlobalSection(SolutionConfigurationPlatforms) = preSolution
		Debug|Any CPU = Debug|Any CPU
		Release|Any CPU = Release|Any CPU
	EndGlobalSection
	GlobalSection(ProjectConfigurationPlatforms) = postSolution
		{1497738F-EBEC-44D2-9441-8BC66E65D094}.Debug|Any CPU.ActiveCfg = Debug|Any CPU
		{1497738F-EBEC-44D2-9441-8BC66E65D094}.Debug|Any CPU.Build.0 = Debug|Any CPU
		{1497738F-EBEC-44D2-9441-8BC66E65D094}.Release|Any CPU.ActiveCfg = Release|Any CPU
		{1497738F-EBEC-44D2-9441-8BC66E65D094}.Release|Any CPU.Build.0 = Release|Any CPU
	EndGlobalSection
	GlobalSection(SolutionProperties) = preSolution
		HideSolutionNode = FALSE
	EndGlobalSection
	GlobalSection(ExtensibilityGlobals) = postSolution
		SolutionGuid = {4B31F50D-7A0F-4913-8B24-7D3963FBE35A}
	EndGlobalSection
EndGlobal
